
Microsoft Visual Studio Solution File, Format Version 12.00
# Visual Studio Version 17
VisualStudioVersion = 17.3.32922.545
MinimumVisualStudioVersion = 10.0.40219.1
Project("{FAE04EC0-301F-11D3-BF4B-00C04F79EFBC}") = "Blackjack", "Blackjack\Blackjack.csproj", "{B559D9CD-37E7-41A8-9930-E2C8748693FE}"
EndProject
Global
	GlobalSection(SolutionConfigurationPlatforms) = preSolution
		Debug|Any CPU = Debug|Any CPU
		Release|Any CPU = Release|Any CPU
	EndGlobalSection
	GlobalSection(ProjectConfigurationPlatforms) = postSolution
		{B559D9CD-37E7-41A8-9930-E2C8748693FE}.Debug|Any CPU.ActiveCfg = Debug|Any CPU
		{B559D9CD-37E7-41A8-9930-E2C8748693FE}.Debug|Any CPU.Build.0 = Debug|Any CPU
		{B559D9CD-37E7-41A8-9930-E2C8748693FE}.Release|Any CPU.ActiveCfg = Release|Any CPU
		{B559D9CD-37E7-41A8-9930-E2C8748693FE}.Release|Any CPU.Build.0 = Release|Any CPU
	EndGlobalSection
	GlobalSection(SolutionProperties) = preSolution
		HideSolutionNode = FALSE
	EndGlobalSection
	GlobalSection(ExtensibilityGlobals) = postSolution
		SolutionGuid = {44C9FD48-9951-4F23-B2F1-335E8A8FF2D0}
	EndGlobalSection
EndGlobal
